
Microsoft Visual Studio Solution File, Format Version 12.00
# Visual Studio Version 17
VisualStudioVersion = 17.8.34511.84
MinimumVisualStudioVersion = 10.0.40219.1
Project("{FAE04EC0-301F-11D3-BF4B-00C04F79EFBC}") = "Descartables_MF", "Descartables_MF\Descartables_MF.csproj", "{8C0C9B46-E74B-456A-A6D8-558927A9EC13}"
EndProject
Project("{2150E333-8FDC-42A3-9474-1A3956D46DE8}") = "Elementos de la solución", "Elementos de la solución", "{ADE99B2D-FBE1-4625-BBF5-B519EC6531EE}"
	ProjectSection(SolutionItems) = preProject
		Descartables_MF\Images\LogoEmpresa_icono.ico = Descartables_MF\Images\LogoEmpresa_icono.ico
	EndProjectSection
EndProject
Global
	GlobalSection(SolutionConfigurationPlatforms) = preSolution
		Debug|Any CPU = Debug|Any CPU
		Release|Any CPU = Release|Any CPU
	EndGlobalSection
	GlobalSection(ProjectConfigurationPlatforms) = postSolution
		{8C0C9B46-E74B-456A-A6D8-558927A9EC13}.Debug|Any CPU.ActiveCfg = Debug|Any CPU
		{8C0C9B46-E74B-456A-A6D8-558927A9EC13}.Debug|Any CPU.Build.0 = Debug|Any CPU
		{8C0C9B46-E74B-456A-A6D8-558927A9EC13}.Release|Any CPU.ActiveCfg = Release|Any CPU
		{8C0C9B46-E74B-456A-A6D8-558927A9EC13}.Release|Any CPU.Build.0 = Release|Any CPU
	EndGlobalSection
	GlobalSection(SolutionProperties) = preSolution
		HideSolutionNode = FALSE
	EndGlobalSection
	GlobalSection(ExtensibilityGlobals) = postSolution
		SolutionGuid = {8D5F8C4F-4BA8-44D1-834B-D5D49D93E5BF}
	EndGlobalSection
EndGlobal
